// !$*UTF8*$!
{
	archiveVersion = 1;
	classes = {
	};
	objectVersion = 46;
	objects = {

/* Begin PBXBuildFile section */
		C928C8551B8FAD0300D18C22 /* YT_AddSmileViewController.m in Sources */ = {isa = PBXBuildFile; fileRef = C928C8541B8FAD0300D18C22 /* YT_AddSmileViewController.m */; };
		C928FF161BA770F300ED7194 /* Localizable.strings in Resources */ = {isa = PBXBuildFile; fileRef = C928FF181BA770F300ED7194 /* Localizable.strings */; };
		C92FFA601B9CCBA0002952F1 /* YT_LayoutViewController.m in Sources */ = {isa = PBXBuildFile; fileRef = C92FFA5F1B9CCBA0002952F1 /* YT_LayoutViewController.m */; };
		C997E02D1B978F7F00CF9C37 /* YT_SmileCollectionViewController.m in Sources */ = {isa = PBXBuildFile; fileRef = C997E02C1B978F7F00CF9C37 /* YT_SmileCollectionViewController.m */; };
		C997E0301B97943B00CF9C37 /* YT_SmileCollectionViewCell.m in Sources */ = {isa = PBXBuildFile; fileRef = C997E02F1B97943B00CF9C37 /* YT_SmileCollectionViewCell.m */; };
		C9A92DDE1B83C8A7009E274D /* main.m in Sources */ = {isa = PBXBuildFile; fileRef = C9A92DDD1B83C8A7009E274D /* main.m */; };
		C9A92DE11B83C8A7009E274D /* AppDelegate.m in Sources */ = {isa = PBXBuildFile; fileRef = C9A92DE01B83C8A7009E274D /* AppDelegate.m */; };
		C9A92DE71B83C8A7009E274D /* Main.storyboard in Resources */ = {isa = PBXBuildFile; fileRef = C9A92DE51B83C8A7009E274D /* Main.storyboard */; };
		C9A92DE91B83C8A7009E274D /* Images.xcassets in Resources */ = {isa = PBXBuildFile; fileRef = C9A92DE81B83C8A7009E274D /* Images.xcassets */; };
		C9A92DEC1B83C8A7009E274D /* LaunchScreen.xib in Resources */ = {isa = PBXBuildFile; fileRef = C9A92DEA1B83C8A7009E274D /* LaunchScreen.xib */; };
		C9A92DF81B83C8A8009E274D /* YalantisTaskTests.m in Sources */ = {isa = PBXBuildFile; fileRef = C9A92DF71B83C8A8009E274D /* YalantisTaskTests.m */; };
		C9A92E061B83CA6C009E274D /* YT_Smile.m in Sources */ = {isa = PBXBuildFile; fileRef = C9A92E051B83CA6C009E274D /* YT_Smile.m */; };
		C9A92E091B83CE66009E274D /* YT_SmileDAO.m in Sources */ = {isa = PBXBuildFile; fileRef = C9A92E081B83CE66009E274D /* YT_SmileDAO.m */; };
		C9A92E0C1B83D764009E274D /* YT_MainTableViewController.m in Sources */ = {isa = PBXBuildFile; fileRef = C9A92E0B1B83D764009E274D /* YT_MainTableViewController.m */; };
		C9B03D9C1B8CFD6000CDCB00 /* YT_SmileTableViewCell.m in Sources */ = {isa = PBXBuildFile; fileRef = C9B03D9B1B8CFD6000CDCB00 /* YT_SmileTableViewCell.m */; };
		C9D9DA1C1B8E499F005F9287 /* SmileList.plist in Resources */ = {isa = PBXBuildFile; fileRef = C9D9DA1B1B8E499F005F9287 /* SmileList.plist */; };
/* End PBXBuildFile section */

/* Begin PBXContainerItemProxy section */
		C9A92DF21B83C8A8009E274D /* PBXContainerItemProxy */ = {
			isa = PBXContainerItemProxy;
			containerPortal = C9A92DD01B83C8A7009E274D /* Project object */;
			proxyType = 1;
			remoteGlobalIDString = C9A92DD71B83C8A7009E274D;
			remoteInfo = YalantisTask;
		};
/* End PBXContainerItemProxy section */

/* Begin PBXFileReference section */
		C928C8531B8FAD0300D18C22 /* YT_AddSmileViewController.h */ = {isa = PBXFileReference; fileEncoding = 4; lastKnownFileType = sourcecode.c.h; path = YT_AddSmileViewController.h; sourceTree = "<group>"; };
		C928C8541B8FAD0300D18C22 /* YT_AddSmileViewController.m */ = {isa = PBXFileReference; fileEncoding = 4; lastKnownFileType = sourcecode.c.objc; path = YT_AddSmileViewController.m; sourceTree = "<group>"; };
		C928FF141BA770E200ED7194 /* ru */ = {isa = PBXFileReference; lastKnownFileType = text.plist.strings; name = ru; path = ru.lproj/Main.strings; sourceTree = "<group>"; };
		C928FF151BA770E200ED7194 /* ru */ = {isa = PBXFileReference; lastKnownFileType = text.plist.strings; name = ru; path = ru.lproj/LaunchScreen.strings; sourceTree = "<group>"; };
		C928FF171BA770F300ED7194 /* Base */ = {isa = PBXFileReference; lastKnownFileType = text.plist.strings; name = Base; path = Base.lproj/Localizable.strings; sourceTree = "<group>"; };
		C928FF191BA770FB00ED7194 /* en */ = {isa = PBXFileReference; lastKnownFileType = text.plist.strings; name = en; path = en.lproj/Localizable.strings; sourceTree = "<group>"; };
		C928FF1A1BA7710600ED7194 /* ru */ = {isa = PBXFileReference; lastKnownFileType = text.plist.strings; name = ru; path = ru.lproj/Localizable.strings; sourceTree = "<group>"; };
		C928FF1C1BA7721B00ED7194 /* en */ = {isa = PBXFileReference; lastKnownFileType = text.plist.strings; name = en; path = en.lproj/LaunchScreen.strings; sourceTree = "<group>"; };
		C92FFA5E1B9CCBA0002952F1 /* YT_LayoutViewController.h */ = {isa = PBXFileReference; fileEncoding = 4; lastKnownFileType = sourcecode.c.h; path = YT_LayoutViewController.h; sourceTree = "<group>"; };
		C92FFA5F1B9CCBA0002952F1 /* YT_LayoutViewController.m */ = {isa = PBXFileReference; fileEncoding = 4; lastKnownFileType = sourcecode.c.objc; path = YT_LayoutViewController.m; sourceTree = "<group>"; };
		C997E02B1B978F7F00CF9C37 /* YT_SmileCollectionViewController.h */ = {isa = PBXFileReference; fileEncoding = 4; lastKnownFileType = sourcecode.c.h; path = YT_SmileCollectionViewController.h; sourceTree = "<group>"; };
		C997E02C1B978F7F00CF9C37 /* YT_SmileCollectionViewController.m */ = {isa = PBXFileReference; fileEncoding = 4; lastKnownFileType = sourcecode.c.objc; path = YT_SmileCollectionViewController.m; sourceTree = "<group>"; };
		C997E02E1B97943B00CF9C37 /* YT_SmileCollectionViewCell.h */ = {isa = PBXFileReference; fileEncoding = 4; lastKnownFileType = sourcecode.c.h; path = YT_SmileCollectionViewCell.h; sourceTree = "<group>"; };
		C997E02F1B97943B00CF9C37 /* YT_SmileCollectionViewCell.m */ = {isa = PBXFileReference; fileEncoding = 4; lastKnownFileType = sourcecode.c.objc; path = YT_SmileCollectionViewCell.m; sourceTree = "<group>"; };
		C9A92DD81B83C8A7009E274D /* YalantisTask.app */ = {isa = PBXFileReference; explicitFileType = wrapper.application; includeInIndex = 0; path = YalantisTask.app; sourceTree = BUILT_PRODUCTS_DIR; };
		C9A92DDC1B83C8A7009E274D /* Info.plist */ = {isa = PBXFileReference; lastKnownFileType = text.plist.xml; path = Info.plist; sourceTree = "<group>"; };
		C9A92DDD1B83C8A7009E274D /* main.m */ = {isa = PBXFileReference; lastKnownFileType = sourcecode.c.objc; path = main.m; sourceTree = "<group>"; };
		C9A92DDF1B83C8A7009E274D /* AppDelegate.h */ = {isa = PBXFileReference; lastKnownFileType = sourcecode.c.h; path = AppDelegate.h; sourceTree = "<group>"; };
		C9A92DE01B83C8A7009E274D /* AppDelegate.m */ = {isa = PBXFileReference; lastKnownFileType = sourcecode.c.objc; path = AppDelegate.m; sourceTree = "<group>"; };
		C9A92DE61B83C8A7009E274D /* Base */ = {isa = PBXFileReference; lastKnownFileType = file.storyboard; name = Base; path = Base.lproj/Main.storyboard; sourceTree = "<group>"; };
		C9A92DE81B83C8A7009E274D /* Images.xcassets */ = {isa = PBXFileReference; lastKnownFileType = folder.assetcatalog; path = Images.xcassets; sourceTree = "<group>"; };
		C9A92DEB1B83C8A7009E274D /* Base */ = {isa = PBXFileReference; lastKnownFileType = file.xib; name = Base; path = Base.lproj/LaunchScreen.xib; sourceTree = "<group>"; };
		C9A92DF11B83C8A8009E274D /* YalantisTaskTests.xctest */ = {isa = PBXFileReference; explicitFileType = wrapper.cfbundle; includeInIndex = 0; path = YalantisTaskTests.xctest; sourceTree = BUILT_PRODUCTS_DIR; };
		C9A92DF61B83C8A8009E274D /* Info.plist */ = {isa = PBXFileReference; lastKnownFileType = text.plist.xml; path = Info.plist; sourceTree = "<group>"; };
		C9A92DF71B83C8A8009E274D /* YalantisTaskTests.m */ = {isa = PBXFileReference; lastKnownFileType = sourcecode.c.objc; path = YalantisTaskTests.m; sourceTree = "<group>"; };
		C9A92E041B83CA6C009E274D /* YT_Smile.h */ = {isa = PBXFileReference; fileEncoding = 4; lastKnownFileType = sourcecode.c.h; path = YT_Smile.h; sourceTree = "<group>"; };
		C9A92E051B83CA6C009E274D /* YT_Smile.m */ = {isa = PBXFileReference; fileEncoding = 4; lastKnownFileType = sourcecode.c.objc; path = YT_Smile.m; sourceTree = "<group>"; };
		C9A92E071B83CE66009E274D /* YT_SmileDAO.h */ = {isa = PBXFileReference; fileEncoding = 4; lastKnownFileType = sourcecode.c.h; path = YT_SmileDAO.h; sourceTree = "<group>"; };
		C9A92E081B83CE66009E274D /* YT_SmileDAO.m */ = {isa = PBXFileReference; fileEncoding = 4; lastKnownFileType = sourcecode.c.objc; path = YT_SmileDAO.m; sourceTree = "<group>"; };
		C9A92E0A1B83D764009E274D /* YT_MainTableViewController.h */ = {isa = PBXFileReference; fileEncoding = 4; lastKnownFileType = sourcecode.c.h; path = YT_MainTableViewController.h; sourceTree = "<group>"; };
		C9A92E0B1B83D764009E274D /* YT_MainTableViewController.m */ = {isa = PBXFileReference; fileEncoding = 4; lastKnownFileType = sourcecode.c.objc; path = YT_MainTableViewController.m; sourceTree = "<group>"; };
		C9B03D9A1B8CFD6000CDCB00 /* YT_SmileTableViewCell.h */ = {isa = PBXFileReference; fileEncoding = 4; lastKnownFileType = sourcecode.c.h; path = YT_SmileTableViewCell.h; sourceTree = "<group>"; };
		C9B03D9B1B8CFD6000CDCB00 /* YT_SmileTableViewCell.m */ = {isa = PBXFileReference; fileEncoding = 4; lastKnownFileType = sourcecode.c.objc; path = YT_SmileTableViewCell.m; sourceTree = "<group>"; };
		C9D9DA1B1B8E499F005F9287 /* SmileList.plist */ = {isa = PBXFileReference; fileEncoding = 4; lastKnownFileType = text.plist.xml; path = SmileList.plist; sourceTree = "<group>"; };
/* End PBXFileReference section */

/* Begin PBXFrameworksBuildPhase section */
		C9A92DD51B83C8A7009E274D /* Frameworks */ = {
			isa = PBXFrameworksBuildPhase;
			buildActionMask = 2147483647;
			files = (
			);
			runOnlyForDeploymentPostprocessing = 0;
		};
		C9A92DEE1B83C8A8009E274D /* Frameworks */ = {
			isa = PBXFrameworksBuildPhase;
			buildActionMask = 2147483647;
			files = (
			);
			runOnlyForDeploymentPostprocessing = 0;
		};
/* End PBXFrameworksBuildPhase section */

/* Begin PBXGroup section */
		C928C8511B8FAC8C00D18C22 /* Controllers */ = {
			isa = PBXGroup;
			children = (
				C92FFA5E1B9CCBA0002952F1 /* YT_LayoutViewController.h */,
				C92FFA5F1B9CCBA0002952F1 /* YT_LayoutViewController.m */,
				C9A92E0A1B83D764009E274D /* YT_MainTableViewController.h */,
				C9A92E0B1B83D764009E274D /* YT_MainTableViewController.m */,
				C997E02B1B978F7F00CF9C37 /* YT_SmileCollectionViewController.h */,
				C997E02C1B978F7F00CF9C37 /* YT_SmileCollectionViewController.m */,
				C928C8531B8FAD0300D18C22 /* YT_AddSmileViewController.h */,
				C928C8541B8FAD0300D18C22 /* YT_AddSmileViewController.m */,
			);
			name = Controllers;
			sourceTree = "<group>";
		};
		C928C8521B8FACB200D18C22 /* Views */ = {
			isa = PBXGroup;
			children = (
				C9B03D9A1B8CFD6000CDCB00 /* YT_SmileTableViewCell.h */,
				C9B03D9B1B8CFD6000CDCB00 /* YT_SmileTableViewCell.m */,
				C997E02E1B97943B00CF9C37 /* YT_SmileCollectionViewCell.h */,
				C997E02F1B97943B00CF9C37 /* YT_SmileCollectionViewCell.m */,
			);
			name = Views;
			sourceTree = "<group>";
		};
		C9A92DCF1B83C8A7009E274D = {
			isa = PBXGroup;
			children = (
				C9A92DDA1B83C8A7009E274D /* YalantisTask */,
				C9A92DF41B83C8A8009E274D /* YalantisTaskTests */,
				C9A92DD91B83C8A7009E274D /* Products */,
			);
			sourceTree = "<group>";
		};
		C9A92DD91B83C8A7009E274D /* Products */ = {
			isa = PBXGroup;
			children = (
				C9A92DD81B83C8A7009E274D /* YalantisTask.app */,
				C9A92DF11B83C8A8009E274D /* YalantisTaskTests.xctest */,
			);
			name = Products;
			sourceTree = "<group>";
		};
		C9A92DDA1B83C8A7009E274D /* YalantisTask */ = {
			isa = PBXGroup;
			children = (
				C928C8521B8FACB200D18C22 /* Views */,
				C928C8511B8FAC8C00D18C22 /* Controllers */,
				C9A92E031B83CA09009E274D /* Model */,
				C9A92DE51B83C8A7009E274D /* Main.storyboard */,
				C9A92DE81B83C8A7009E274D /* Images.xcassets */,
				C9A92DEA1B83C8A7009E274D /* LaunchScreen.xib */,
				C9A92DDB1B83C8A7009E274D /* Supporting Files */,
				C928FF181BA770F300ED7194 /* Localizable.strings */,
			);
			path = YalantisTask;
			sourceTree = "<group>";
		};
		C9A92DDB1B83C8A7009E274D /* Supporting Files */ = {
			isa = PBXGroup;
			children = (
				C9A92DDF1B83C8A7009E274D /* AppDelegate.h */,
				C9A92DE01B83C8A7009E274D /* AppDelegate.m */,
				C9A92DDC1B83C8A7009E274D /* Info.plist */,
				C9A92DDD1B83C8A7009E274D /* main.m */,
			);
			name = "Supporting Files";
			sourceTree = "<group>";
		};
		C9A92DF41B83C8A8009E274D /* YalantisTaskTests */ = {
			isa = PBXGroup;
			children = (
				C9A92DF71B83C8A8009E274D /* YalantisTaskTests.m */,
				C9A92DF51B83C8A8009E274D /* Supporting Files */,
			);
			path = YalantisTaskTests;
			sourceTree = "<group>";
		};
		C9A92DF51B83C8A8009E274D /* Supporting Files */ = {
			isa = PBXGroup;
			children = (
				C9A92DF61B83C8A8009E274D /* Info.plist */,
			);
			name = "Supporting Files";
			sourceTree = "<group>";
		};
		C9A92E031B83CA09009E274D /* Model */ = {
			isa = PBXGroup;
			children = (
				C9A92E041B83CA6C009E274D /* YT_Smile.h */,
				C9A92E051B83CA6C009E274D /* YT_Smile.m */,
				C9A92E071B83CE66009E274D /* YT_SmileDAO.h */,
				C9A92E081B83CE66009E274D /* YT_SmileDAO.m */,
				C9D9DA1B1B8E499F005F9287 /* SmileList.plist */,
			);
			name = Model;
			sourceTree = "<group>";
		};
/* End PBXGroup section */

/* Begin PBXNativeTarget section */
		C9A92DD71B83C8A7009E274D /* YalantisTask */ = {
			isa = PBXNativeTarget;
			buildConfigurationList = C9A92DFB1B83C8A8009E274D /* Build configuration list for PBXNativeTarget "YalantisTask" */;
			buildPhases = (
				C9A92DD41B83C8A7009E274D /* Sources */,
				C9A92DD51B83C8A7009E274D /* Frameworks */,
				C9A92DD61B83C8A7009E274D /* Resources */,
			);
			buildRules = (
			);
			dependencies = (
			);
			name = YalantisTask;
			productName = YalantisTask;
			productReference = C9A92DD81B83C8A7009E274D /* YalantisTask.app */;
			productType = "com.apple.product-type.application";
		};
		C9A92DF01B83C8A8009E274D /* YalantisTaskTests */ = {
			isa = PBXNativeTarget;
			buildConfigurationList = C9A92DFE1B83C8A8009E274D /* Build configuration list for PBXNativeTarget "YalantisTaskTests" */;
			buildPhases = (
				C9A92DED1B83C8A8009E274D /* Sources */,
				C9A92DEE1B83C8A8009E274D /* Frameworks */,
				C9A92DEF1B83C8A8009E274D /* Resources */,
			);
			buildRules = (
			);
			dependencies = (
				C9A92DF31B83C8A8009E274D /* PBXTargetDependency */,
			);
			name = YalantisTaskTests;
			productName = YalantisTaskTests;
			productReference = C9A92DF11B83C8A8009E274D /* YalantisTaskTests.xctest */;
			productType = "com.apple.product-type.bundle.unit-test";
		};
/* End PBXNativeTarget section */

/* Begin PBXProject section */
		C9A92DD01B83C8A7009E274D /* Project object */ = {
			isa = PBXProject;
			attributes = {
				CLASSPREFIX = YT_;
				LastUpgradeCheck = 0640;
				ORGANIZATIONNAME = Home;
				TargetAttributes = {
					C9A92DD71B83C8A7009E274D = {
						CreatedOnToolsVersion = 6.4;
					};
					C9A92DF01B83C8A8009E274D = {
						CreatedOnToolsVersion = 6.4;
						TestTargetID = C9A92DD71B83C8A7009E274D;
					};
				};
			};
			buildConfigurationList = C9A92DD31B83C8A7009E274D /* Build configuration list for PBXProject "YalantisTask" */;
			compatibilityVersion = "Xcode 3.2";
			developmentRegion = English;
			hasScannedForEncodings = 0;
			knownRegions = (
				en,
				Base,
				ru,
			);
			mainGroup = C9A92DCF1B83C8A7009E274D;
			productRefGroup = C9A92DD91B83C8A7009E274D /* Products */;
			projectDirPath = "";
			projectRoot = "";
			targets = (
				C9A92DD71B83C8A7009E274D /* YalantisTask */,
				C9A92DF01B83C8A8009E274D /* YalantisTaskTests */,
			);
		};
/* End PBXProject section */

/* Begin PBXResourcesBuildPhase section */
		C9A92DD61B83C8A7009E274D /* Resources */ = {
			isa = PBXResourcesBuildPhase;
			buildActionMask = 2147483647;
			files = (
				C928FF161BA770F300ED7194 /* Localizable.strings in Resources */,
				C9A92DE71B83C8A7009E274D /* Main.storyboard in Resources */,
				C9A92DEC1B83C8A7009E274D /* LaunchScreen.xib in Resources */,
				C9A92DE91B83C8A7009E274D /* Images.xcassets in Resources */,
				C9D9DA1C1B8E499F005F9287 /* SmileList.plist in Resources */,
			);
			runOnlyForDeploymentPostprocessing = 0;
		};
		C9A92DEF1B83C8A8009E274D /* Resources */ = {
			isa = PBXResourcesBuildPhase;
			buildActionMask = 2147483647;
			files = (
			);
			runOnlyForDeploymentPostprocessing = 0;
		};
/* End PBXResourcesBuildPhase section */

/* Begin PBXSourcesBuildPhase section */
		C9A92DD41B83C8A7009E274D /* Sources */ = {
			isa = PBXSourcesBuildPhase;
			buildActionMask = 2147483647;
			files = (
				C9A92DE11B83C8A7009E274D /* AppDelegate.m in Sources */,
				C9A92DDE1B83C8A7009E274D /* main.m in Sources */,
				C9A92E091B83CE66009E274D /* YT_SmileDAO.m in Sources */,
				C928C8551B8FAD0300D18C22 /* YT_AddSmileViewController.m in Sources */,
				C9B03D9C1B8CFD6000CDCB00 /* YT_SmileTableViewCell.m in Sources */,
				C9A92E0C1B83D764009E274D /* YT_MainTableViewController.m in Sources */,
				C997E0301B97943B00CF9C37 /* YT_SmileCollectionViewCell.m in Sources */,
				C997E02D1B978F7F00CF9C37 /* YT_SmileCollectionViewController.m in Sources */,
				C9A92E061B83CA6C009E274D /* YT_Smile.m in Sources */,
				C92FFA601B9CCBA0002952F1 /* YT_LayoutViewController.m in Sources */,
			);
			runOnlyForDeploymentPostprocessing = 0;
		};
		C9A92DED1B83C8A8009E274D /* Sources */ = {
			isa = PBXSourcesBuildPhase;
			buildActionMask = 2147483647;
			files = (
				C9A92DF81B83C8A8009E274D /* YalantisTaskTests.m in Sources */,
			);
			runOnlyForDeploymentPostprocessing = 0;
		};
/* End PBXSourcesBuildPhase section */

/* Begin PBXTargetDependency section */
		C9A92DF31B83C8A8009E274D /* PBXTargetDependency */ = {
			isa = PBXTargetDependency;
			target = C9A92DD71B83C8A7009E274D /* YalantisTask */;
			targetProxy = C9A92DF21B83C8A8009E274D /* PBXContainerItemProxy */;
		};
/* End PBXTargetDependency section */

/* Begin PBXVariantGroup section */
		C928FF181BA770F300ED7194 /* Localizable.strings */ = {
			isa = PBXVariantGroup;
			children = (
				C928FF171BA770F300ED7194 /* Base */,
				C928FF191BA770FB00ED7194 /* en */,
				C928FF1A1BA7710600ED7194 /* ru */,
			);
			name = Localizable.strings;
			sourceTree = "<group>";
		};
		C9A92DE51B83C8A7009E274D /* Main.storyboard */ = {
			isa = PBXVariantGroup;
			children = (
				C9A92DE61B83C8A7009E274D /* Base */,
				C928FF141BA770E200ED7194 /* ru */,
			);
			name = Main.storyboard;
			sourceTree = "<group>";
		};
		C9A92DEA1B83C8A7009E274D /* LaunchScreen.xib */ = {
			isa = PBXVariantGroup;
			children = (
				C9A92DEB1B83C8A7009E274D /* Base */,
				C928FF151BA770E200ED7194 /* ru */,
				C928FF1C1BA7721B00ED7194 /* en */,
			);
			name = LaunchScreen.xib;
			sourceTree = "<group>";
		};
/* End PBXVariantGroup section */

/* Begin XCBuildConfiguration section */
		C9A92DF91B83C8A8009E274D /* Debug */ = {
			isa = XCBuildConfiguration;
			buildSettings = {
				ALWAYS_SEARCH_USER_PATHS = NO;
				CLANG_CXX_LANGUAGE_STANDARD = "gnu++0x";
				CLANG_CXX_LIBRARY = "libc++";
				CLANG_ENABLE_MODULES = YES;
				CLANG_ENABLE_OBJC_ARC = YES;
				CLANG_WARN_BOOL_CONVERSION = YES;
				CLANG_WARN_CONSTANT_CONVERSION = YES;
				CLANG_WARN_DIRECT_OBJC_ISA_USAGE = YES_ERROR;
				CLANG_WARN_EMPTY_BODY = YES;
				CLANG_WARN_ENUM_CONVERSION = YES;
				CLANG_WARN_INT_CONVERSION = YES;
				CLANG_WARN_OBJC_ROOT_CLASS = YES_ERROR;
				CLANG_WARN_UNREACHABLE_CODE = YES;
				CLANG_WARN__DUPLICATE_METHOD_MATCH = YES;
				"CODE_SIGN_IDENTITY[sdk=iphoneos*]" = "iPhone Developer";
				COPY_PHASE_STRIP = NO;
				DEBUG_INFORMATION_FORMAT = "dwarf-with-dsym";
				ENABLE_STRICT_OBJC_MSGSEND = YES;
				GCC_C_LANGUAGE_STANDARD = gnu99;
				GCC_DYNAMIC_NO_PIC = NO;
				GCC_NO_COMMON_BLOCKS = YES;
				GCC_OPTIMIZATION_LEVEL = 0;
				GCC_PREPROCESSOR_DEFINITIONS = (
					"DEBUG=1",
					"$(inherited)",
				);
				GCC_SYMBOLS_PRIVATE_EXTERN = NO;
				GCC_WARN_64_TO_32_BIT_CONVERSION = YES;
				GCC_WARN_ABOUT_RETURN_TYPE = YES_ERROR;
				GCC_WARN_UNDECLARED_SELECTOR = YES;
				GCC_WARN_UNINITIALIZED_AUTOS = YES_AGGRESSIVE;
				GCC_WARN_UNUSED_FUNCTION = YES;
				GCC_WARN_UNUSED_VARIABLE = YES;
				IPHONEOS_DEPLOYMENT_TARGET = 8.4;
				MTL_ENABLE_DEBUG_INFO = YES;
				ONLY_ACTIVE_ARCH = YES;
				SDKROOT = iphoneos;
			};
			name = Debug;
		};
		C9A92DFA1B83C8A8009E274D /* Release */ = {
			isa = XCBuildConfiguration;
			buildSettings = {
				ALWAYS_SEARCH_USER_PATHS = NO;
				CLANG_CXX_LANGUAGE_STANDARD = "gnu++0x";
				CLANG_CXX_LIBRARY = "libc++";
				CLANG_ENABLE_MODULES = YES;
				CLANG_ENABLE_OBJC_ARC = YES;
				CLANG_WARN_BOOL_CONVERSION = YES;
				CLANG_WARN_CONSTANT_CONVERSION = YES;
				CLANG_WARN_DIRECT_OBJC_ISA_USAGE = YES_ERROR;
				CLANG_WARN_EMPTY_BODY = YES;
				CLANG_WARN_ENUM_CONVERSION = YES;
				CLANG_WARN_INT_CONVERSION = YES;
				CLANG_WARN_OBJC_ROOT_CLASS = YES_ERROR;
				CLANG_WARN_UNREACHABLE_CODE = YES;
				CLANG_WARN__DUPLICATE_METHOD_MATCH = YES;
				"CODE_SIGN_IDENTITY[sdk=iphoneos*]" = "iPhone Developer";
				COPY_PHASE_STRIP = NO;
				DEBUG_INFORMATION_FORMAT = "dwarf-with-dsym";
				ENABLE_NS_ASSERTIONS = NO;
				ENABLE_STRICT_OBJC_MSGSEND = YES;
				GCC_C_LANGUAGE_STANDARD = gnu99;
				GCC_NO_COMMON_BLOCKS = YES;
				GCC_WARN_64_TO_32_BIT_CONVERSION = YES;
				GCC_WARN_ABOUT_RETURN_TYPE = YES_ERROR;
				GCC_WARN_UNDECLARED_SELECTOR = YES;
				GCC_WARN_UNINITIALIZED_AUTOS = YES_AGGRESSIVE;
				GCC_WARN_UNUSED_FUNCTION = YES;
				GCC_WARN_UNUSED_VARIABLE = YES;
				IPHONEOS_DEPLOYMENT_TARGET = 8.4;
				MTL_ENABLE_DEBUG_INFO = NO;
				SDKROOT = iphoneos;
				VALIDATE_PRODUCT = YES;
			};
			name = Release;
		};
		C9A92DFC1B83C8A8009E274D /* Debug */ = {
			isa = XCBuildConfiguration;
			buildSettings = {
				ASSETCATALOG_COMPILER_APPICON_NAME = AppIcon;
				INFOPLIST_FILE = YalantisTask/Info.plist;
				LD_RUNPATH_SEARCH_PATHS = "$(inherited) @executable_path/Frameworks";
				PRODUCT_NAME = "$(TARGET_NAME)";
				TARGETED_DEVICE_FAMILY = 1;
			};
			name = Debug;
		};
		C9A92DFD1B83C8A8009E274D /* Release */ = {
			isa = XCBuildConfiguration;
			buildSettings = {
				ASSETCATALOG_COMPILER_APPICON_NAME = AppIcon;
				INFOPLIST_FILE = YalantisTask/Info.plist;
				LD_RUNPATH_SEARCH_PATHS = "$(inherited) @executable_path/Frameworks";
				PRODUCT_NAME = "$(TARGET_NAME)";
				TARGETED_DEVICE_FAMILY = 1;
			};
			name = Release;
		};
		C9A92DFF1B83C8A8009E274D /* Debug */ = {
			isa = XCBuildConfiguration;
			buildSettings = {
				BUNDLE_LOADER = "$(TEST_HOST)";
				FRAMEWORK_SEARCH_PATHS = (
					"$(SDKROOT)/Developer/Library/Frameworks",
					"$(inherited)",
				);
				GCC_PREPROCESSOR_DEFINITIONS = (
					"DEBUG=1",
					"$(inherited)",
				);
				INFOPLIST_FILE = YalantisTaskTests/Info.plist;
				LD_RUNPATH_SEARCH_PATHS = "$(inherited) @executable_path/Frameworks @loader_path/Frameworks";
				PRODUCT_NAME = "$(TARGET_NAME)";
				TEST_HOST = "$(BUILT_PRODUCTS_DIR)/YalantisTask.app/YalantisTask";
			};
			name = Debug;
		};
		C9A92E001B83C8A8009E274D /* Release */ = {
			isa = XCBuildConfiguration;
			buildSettings = {
				BUNDLE_LOADER = "$(TEST_HOST)";
				FRAMEWORK_SEARCH_PATHS = (
					"$(SDKROOT)/Developer/Library/Frameworks",
					"$(inherited)",
				);
				INFOPLIST_FILE = YalantisTaskTests/Info.plist;
				LD_RUNPATH_SEARCH_PATHS = "$(inherited) @executable_path/Frameworks @loader_path/Frameworks";
				PRODUCT_NAME = "$(TARGET_NAME)";
				TEST_HOST = "$(BUILT_PRODUCTS_DIR)/YalantisTask.app/YalantisTask";
			};
			name = Release;
		};
/* End XCBuildConfiguration section */

/* Begin XCConfigurationList section */
		C9A92DD31B83C8A7009E274D /* Build configuration list for PBXProject "YalantisTask" */ = {
			isa = XCConfigurationList;
			buildConfigurations = (
				C9A92DF91B83C8A8009E274D /* Debug */,
				C9A92DFA1B83C8A8009E274D /* Release */,
			);
			defaultConfigurationIsVisible = 0;
			defaultConfigurationName = Release;
		};
		C9A92DFB1B83C8A8009E274D /* Build configuration list for PBXNativeTarget "YalantisTask" */ = {
			isa = XCConfigurationList;
			buildConfigurations = (
				C9A92DFC1B83C8A8009E274D /* Debug */,
				C9A92DFD1B83C8A8009E274D /* Release */,
			);
			defaultConfigurationIsVisible = 0;
			defaultConfigurationName = Release;
		};
		C9A92DFE1B83C8A8009E274D /* Build configuration list for PBXNativeTarget "YalantisTaskTests" */ = {
			isa = XCConfigurationList;
			buildConfigurations = (
				C9A92DFF1B83C8A8009E274D /* Debug */,
				C9A92E001B83C8A8009E274D /* Release */,
			);
			defaultConfigurationIsVisible = 0;
			defaultConfigurationName = Release;
		};
/* End XCConfigurationList section */
	};
	rootObject = C9A92DD01B83C8A7009E274D /* Project object */;
}
